
Microsoft Visual Studio Solution File, Format Version 12.00
# Visual Studio Version 17
VisualStudioVersion = 17.5.002.0
MinimumVisualStudioVersion = 10.0.40219.1
Project("{9A19103F-16F7-4668-BE54-9A1E7A4F7556}") = "Teste", "Teste\Teste.csproj", "{B6F11EA0-54E7-4BBA-BD93-D799053AF8E9}"
EndProject
Project("{FAE04EC0-301F-11D3-BF4B-00C04F79EFBC}") = "Funcao", "Funcao\Funcao.csproj", "{52554833-CE5A-43C8-8E9C-CB60C2EECC54}"
EndProject
Project("{FAE04EC0-301F-11D3-BF4B-00C04F79EFBC}") = "TestUnit", "TestUnit\TestUnit.csproj", "{8C052079-F2FE-4D81-BF64-3949631E9493}"
EndProject
Global
	GlobalSection(SolutionConfigurationPlatforms) = preSolution
		Debug|Any CPU = Debug|Any CPU
		Release|Any CPU = Release|Any CPU
	EndGlobalSection
	GlobalSection(ProjectConfigurationPlatforms) = postSolution
		{B6F11EA0-54E7-4BBA-BD93-D799053AF8E9}.Debug|Any CPU.ActiveCfg = Debug|Any CPU
		{B6F11EA0-54E7-4BBA-BD93-D799053AF8E9}.Debug|Any CPU.Build.0 = Debug|Any CPU
		{B6F11EA0-54E7-4BBA-BD93-D799053AF8E9}.Release|Any CPU.ActiveCfg = Release|Any CPU
		{B6F11EA0-54E7-4BBA-BD93-D799053AF8E9}.Release|Any CPU.Build.0 = Release|Any CPU
		{52554833-CE5A-43C8-8E9C-CB60C2EECC54}.Debug|Any CPU.ActiveCfg = Debug|Any CPU
		{52554833-CE5A-43C8-8E9C-CB60C2EECC54}.Debug|Any CPU.Build.0 = Debug|Any CPU
		{52554833-CE5A-43C8-8E9C-CB60C2EECC54}.Release|Any CPU.ActiveCfg = Release|Any CPU
		{52554833-CE5A-43C8-8E9C-CB60C2EECC54}.Release|Any CPU.Build.0 = Release|Any CPU
		{8C052079-F2FE-4D81-BF64-3949631E9493}.Debug|Any CPU.ActiveCfg = Debug|Any CPU
		{8C052079-F2FE-4D81-BF64-3949631E9493}.Debug|Any CPU.Build.0 = Debug|Any CPU
		{8C052079-F2FE-4D81-BF64-3949631E9493}.Release|Any CPU.ActiveCfg = Release|Any CPU
		{8C052079-F2FE-4D81-BF64-3949631E9493}.Release|Any CPU.Build.0 = Release|Any CPU
	EndGlobalSection
	GlobalSection(SolutionProperties) = preSolution
		HideSolutionNode = FALSE
	EndGlobalSection
	GlobalSection(ExtensibilityGlobals) = postSolution
		SolutionGuid = {2700A469-B52F-41AD-A2C1-D55DEF83EB62}
	EndGlobalSection
EndGlobal
